
Microsoft Visual Studio Solution File, Format Version 12.00
# Visual Studio Version 16
VisualStudioVersion = 16.0.29230.47
MinimumVisualStudioVersion = 10.0.40219.1
Project("{FAE04EC0-301F-11D3-BF4B-00C04F79EFBC}") = "H2CapEs", "H2CapEs\H2CapEs.csproj", "{5C8FC085-A1BB-4392-A95F-B02BD4A44D9A}"
EndProject
Project("{54435603-DBB4-11D2-8724-00A0C9A8B90C}") = "Setup", "Setup\Setup.vdproj", "{F22CF964-E7F4-4A25-B1DA-451E71DCD2DD}"
EndProject
Global
	GlobalSection(SolutionConfigurationPlatforms) = preSolution
		Debug|Any CPU = Debug|Any CPU
		Release|Any CPU = Release|Any CPU
	EndGlobalSection
	GlobalSection(ProjectConfigurationPlatforms) = postSolution
		{5C8FC085-A1BB-4392-A95F-B02BD4A44D9A}.Debug|Any CPU.ActiveCfg = Debug|Any CPU
		{5C8FC085-A1BB-4392-A95F-B02BD4A44D9A}.Debug|Any CPU.Build.0 = Debug|Any CPU
		{5C8FC085-A1BB-4392-A95F-B02BD4A44D9A}.Release|Any CPU.ActiveCfg = Release|Any CPU
		{5C8FC085-A1BB-4392-A95F-B02BD4A44D9A}.Release|Any CPU.Build.0 = Release|Any CPU
		{F22CF964-E7F4-4A25-B1DA-451E71DCD2DD}.Debug|Any CPU.ActiveCfg = Debug
		{F22CF964-E7F4-4A25-B1DA-451E71DCD2DD}.Release|Any CPU.ActiveCfg = Release
	EndGlobalSection
	GlobalSection(SolutionProperties) = preSolution
		HideSolutionNode = FALSE
	EndGlobalSection
	GlobalSection(ExtensibilityGlobals) = postSolution
		SolutionGuid = {6773480F-DDAB-4534-9353-C205BE5A3B33}
	EndGlobalSection
EndGlobal
